
Microsoft Visual Studio Solution File, Format Version 12.00
# Visual Studio Version 17
VisualStudioVersion = 17.8.34408.163
MinimumVisualStudioVersion = 10.0.40219.1
Project("{FAE04EC0-301F-11D3-BF4B-00C04F79EFBC}") = "EventReservationPlatform.API", "EventReservationPlatform.API\EventReservationPlatform.API.csproj", "{65876D54-B6E7-42D7-9D04-6B9422813222}"
EndProject
Project("{FAE04EC0-301F-11D3-BF4B-00C04F79EFBC}") = "EventReservationPlatform.Core", "EventReservationPlatform.Core\EventReservationPlatform.Core.csproj", "{B8E5EFB0-D4CB-4E9C-AB23-46A954042E1A}"
EndProject
Project("{FAE04EC0-301F-11D3-BF4B-00C04F79EFBC}") = "EventReservationPlatform.Application", "EventReservationPlatform.Application\EventReservationPlatform.Application.csproj", "{AEDE30C7-942B-46DE-9E17-AD96E60F9DEE}"
EndProject
Project("{FAE04EC0-301F-11D3-BF4B-00C04F79EFBC}") = "EventReservationPlatform.Persistence", "EventReservationPlatform.Persistence\EventReservationPlatform.Persistence.csproj", "{135328E6-0D45-46FA-9795-FB70D8D8218A}"
EndProject
Global
	GlobalSection(SolutionConfigurationPlatforms) = preSolution
		Debug|Any CPU = Debug|Any CPU
		Release|Any CPU = Release|Any CPU
	EndGlobalSection
	GlobalSection(ProjectConfigurationPlatforms) = postSolution
		{65876D54-B6E7-42D7-9D04-6B9422813222}.Debug|Any CPU.ActiveCfg = Debug|Any CPU
		{65876D54-B6E7-42D7-9D04-6B9422813222}.Debug|Any CPU.Build.0 = Debug|Any CPU
		{65876D54-B6E7-42D7-9D04-6B9422813222}.Release|Any CPU.ActiveCfg = Release|Any CPU
		{65876D54-B6E7-42D7-9D04-6B9422813222}.Release|Any CPU.Build.0 = Release|Any CPU
		{B8E5EFB0-D4CB-4E9C-AB23-46A954042E1A}.Debug|Any CPU.ActiveCfg = Debug|Any CPU
		{B8E5EFB0-D4CB-4E9C-AB23-46A954042E1A}.Debug|Any CPU.Build.0 = Debug|Any CPU
		{B8E5EFB0-D4CB-4E9C-AB23-46A954042E1A}.Release|Any CPU.ActiveCfg = Release|Any CPU
		{B8E5EFB0-D4CB-4E9C-AB23-46A954042E1A}.Release|Any CPU.Build.0 = Release|Any CPU
		{AEDE30C7-942B-46DE-9E17-AD96E60F9DEE}.Debug|Any CPU.ActiveCfg = Debug|Any CPU
		{AEDE30C7-942B-46DE-9E17-AD96E60F9DEE}.Debug|Any CPU.Build.0 = Debug|Any CPU
		{AEDE30C7-942B-46DE-9E17-AD96E60F9DEE}.Release|Any CPU.ActiveCfg = Release|Any CPU
		{AEDE30C7-942B-46DE-9E17-AD96E60F9DEE}.Release|Any CPU.Build.0 = Release|Any CPU
		{135328E6-0D45-46FA-9795-FB70D8D8218A}.Debug|Any CPU.ActiveCfg = Debug|Any CPU
		{135328E6-0D45-46FA-9795-FB70D8D8218A}.Debug|Any CPU.Build.0 = Debug|Any CPU
		{135328E6-0D45-46FA-9795-FB70D8D8218A}.Release|Any CPU.ActiveCfg = Release|Any CPU
		{135328E6-0D45-46FA-9795-FB70D8D8218A}.Release|Any CPU.Build.0 = Release|Any CPU
	EndGlobalSection
	GlobalSection(SolutionProperties) = preSolution
		HideSolutionNode = FALSE
	EndGlobalSection
	GlobalSection(ExtensibilityGlobals) = postSolution
		SolutionGuid = {B2DB9FDD-125C-40B5-BBB6-6D2A4EEBC5E3}
	EndGlobalSection
EndGlobal
